
Microsoft Visual Studio Solution File, Format Version 12.00
# Visual Studio Version 17
VisualStudioVersion = 17.5.33414.496
MinimumVisualStudioVersion = 10.0.40219.1
Project("{FAE04EC0-301F-11D3-BF4B-00C04F79EFBC}") = "PasswordValidator", "PasswordValidator\PasswordValidator.csproj", "{62DDA560-EDC8-4F61-9291-067DED4D5412}"
EndProject
Global
	GlobalSection(SolutionConfigurationPlatforms) = preSolution
		Debug|Any CPU = Debug|Any CPU
		Release|Any CPU = Release|Any CPU
	EndGlobalSection
	GlobalSection(ProjectConfigurationPlatforms) = postSolution
		{62DDA560-EDC8-4F61-9291-067DED4D5412}.Debug|Any CPU.ActiveCfg = Debug|Any CPU
		{62DDA560-EDC8-4F61-9291-067DED4D5412}.Debug|Any CPU.Build.0 = Debug|Any CPU
		{62DDA560-EDC8-4F61-9291-067DED4D5412}.Release|Any CPU.ActiveCfg = Release|Any CPU
		{62DDA560-EDC8-4F61-9291-067DED4D5412}.Release|Any CPU.Build.0 = Release|Any CPU
	EndGlobalSection
	GlobalSection(SolutionProperties) = preSolution
		HideSolutionNode = FALSE
	EndGlobalSection
	GlobalSection(ExtensibilityGlobals) = postSolution
		SolutionGuid = {A533A284-1069-48A1-9383-1957634DE851}
	EndGlobalSection
EndGlobal
